
Microsoft Visual Studio Solution File, Format Version 12.00
# Visual Studio 15
VisualStudioVersion = 15.0.27428.2037
MinimumVisualStudioVersion = 10.0.40219.1
Project("{FAE04EC0-301F-11D3-BF4B-00C04F79EFBC}") = "ArchivalTool", "ArchivalTool\ArchivalTool.csproj", "{2C73490E-A365-4F1A-879D-426B73605F66}"
EndProject
Global
	GlobalSection(SolutionConfigurationPlatforms) = preSolution
		Debug|Any CPU = Debug|Any CPU
		Release|Any CPU = Release|Any CPU
	EndGlobalSection
	GlobalSection(ProjectConfigurationPlatforms) = postSolution
		{2C73490E-A365-4F1A-879D-426B73605F66}.Debug|Any CPU.ActiveCfg = Debug|Any CPU
		{2C73490E-A365-4F1A-879D-426B73605F66}.Debug|Any CPU.Build.0 = Debug|Any CPU
		{2C73490E-A365-4F1A-879D-426B73605F66}.Release|Any CPU.ActiveCfg = Release|Any CPU
		{2C73490E-A365-4F1A-879D-426B73605F66}.Release|Any CPU.Build.0 = Release|Any CPU
	EndGlobalSection
	GlobalSection(SolutionProperties) = preSolution
		HideSolutionNode = FALSE
	EndGlobalSection
	GlobalSection(ExtensibilityGlobals) = postSolution
		SolutionGuid = {0BFB481F-A0DA-43FE-A528-5A4A7E3AF03B}
	EndGlobalSection
EndGlobal
